// !$*UTF8*$!
{
	archiveVersion = 1;
	classes = {
	};
	objectVersion = 51;
	objects = {

/* Begin PBXBuildFile section */
		65393D0D8E8F82C544AF1724 /* Pods_Datadog_App.framework in Frameworks */ = {isa = PBXBuildFile; fileRef = 0B7ED3C4CF792F6086F6C32C /* Pods_Datadog_App.framework */; };
		B118A91D24B69720001F1735 /* AppDelegate.swift in Sources */ = {isa = PBXBuildFile; fileRef = B118A91C24B69720001F1735 /* AppDelegate.swift */; };
		B118A91F24B69720001F1735 /* SceneDelegate.swift in Sources */ = {isa = PBXBuildFile; fileRef = B118A91E24B69720001F1735 /* SceneDelegate.swift */; };
		B118A92124B69720001F1735 /* ViewController.swift in Sources */ = {isa = PBXBuildFile; fileRef = B118A92024B69720001F1735 /* ViewController.swift */; };
		B118A92424B69720001F1735 /* Main.storyboard in Resources */ = {isa = PBXBuildFile; fileRef = B118A92224B69720001F1735 /* Main.storyboard */; };
		B118A92624B69720001F1735 /* Assets.xcassets in Resources */ = {isa = PBXBuildFile; fileRef = B118A92524B69720001F1735 /* Assets.xcassets */; };
		B118A92924B69720001F1735 /* LaunchScreen.storyboard in Resources */ = {isa = PBXBuildFile; fileRef = B118A92724B69720001F1735 /* LaunchScreen.storyboard */; };
		B1804CB524C6A4F400D776E3 /* SwiftUIViews.swift in Sources */ = {isa = PBXBuildFile; fileRef = B1804CB424C6A4F400D776E3 /* SwiftUIViews.swift */; };
/* End PBXBuildFile section */

/* Begin PBXCopyFilesBuildPhase section */
		B1804CCE24C6A68300D776E3 /* Embed App Extensions */ = {
			isa = PBXCopyFilesBuildPhase;
			buildActionMask = 2147483647;
			dstPath = "";
			dstSubfolderSpec = 13;
			files = (
			);
			name = "Embed App Extensions";
			runOnlyForDeploymentPostprocessing = 0;
		};
/* End PBXCopyFilesBuildPhase section */

/* Begin PBXFileReference section */
		0B7ED3C4CF792F6086F6C32C /* Pods_Datadog_App.framework */ = {isa = PBXFileReference; explicitFileType = wrapper.framework; includeInIndex = 0; path = Pods_Datadog_App.framework; sourceTree = BUILT_PRODUCTS_DIR; };
		9A40647D32D0BAC5FEDCF6F8 /* Pods-Datadog-App.release.xcconfig */ = {isa = PBXFileReference; includeInIndex = 1; lastKnownFileType = text.xcconfig; name = "Pods-Datadog-App.release.xcconfig"; path = "Target Support Files/Pods-Datadog-App/Pods-Datadog-App.release.xcconfig"; sourceTree = "<group>"; };
		B118A91924B69720001F1735 /* Datadog-App.app */ = {isa = PBXFileReference; explicitFileType = wrapper.application; includeInIndex = 0; name = "Datadog-App.app"; path = "/Users/muhammad.awais/Desktop/Datadog-App/build/Debug-iphoneos/Datadog-App.app"; sourceTree = "<absolute>"; };
		B118A91C24B69720001F1735 /* AppDelegate.swift */ = {isa = PBXFileReference; lastKnownFileType = sourcecode.swift; path = AppDelegate.swift; sourceTree = "<group>"; };
		B118A91E24B69720001F1735 /* SceneDelegate.swift */ = {isa = PBXFileReference; lastKnownFileType = sourcecode.swift; path = SceneDelegate.swift; sourceTree = "<group>"; };
		B118A92024B69720001F1735 /* ViewController.swift */ = {isa = PBXFileReference; lastKnownFileType = sourcecode.swift; path = ViewController.swift; sourceTree = "<group>"; };
		B118A92324B69720001F1735 /* Base */ = {isa = PBXFileReference; lastKnownFileType = file.storyboard; name = Base; path = Base.lproj/Main.storyboard; sourceTree = "<group>"; };
		B118A92524B69720001F1735 /* Assets.xcassets */ = {isa = PBXFileReference; lastKnownFileType = folder.assetcatalog; path = Assets.xcassets; sourceTree = "<group>"; };
		B118A92824B69720001F1735 /* Base */ = {isa = PBXFileReference; lastKnownFileType = file.storyboard; name = Base; path = Base.lproj/LaunchScreen.storyboard; sourceTree = "<group>"; };
		B118A92A24B69720001F1735 /* Info.plist */ = {isa = PBXFileReference; lastKnownFileType = text.plist.xml; path = Info.plist; sourceTree = "<group>"; };
		B1804CB424C6A4F400D776E3 /* SwiftUIViews.swift */ = {isa = PBXFileReference; lastKnownFileType = sourcecode.swift; path = SwiftUIViews.swift; sourceTree = "<group>"; };
		B1804CBB24C6A67F00D776E3 /* WidgetKit.framework */ = {isa = PBXFileReference; lastKnownFileType = wrapper.framework; name = WidgetKit.framework; path = System/Library/Frameworks/WidgetKit.framework; sourceTree = SDKROOT; };
		B1804CBD24C6A67F00D776E3 /* SwiftUI.framework */ = {isa = PBXFileReference; lastKnownFileType = wrapper.framework; name = SwiftUI.framework; path = System/Library/Frameworks/SwiftUI.framework; sourceTree = SDKROOT; };
		B64A916CDE8D0C7BCBD8FA69 /* Pods-Datadog-App.debug.xcconfig */ = {isa = PBXFileReference; includeInIndex = 1; lastKnownFileType = text.xcconfig; name = "Pods-Datadog-App.debug.xcconfig"; path = "Target Support Files/Pods-Datadog-App/Pods-Datadog-App.debug.xcconfig"; sourceTree = "<group>"; };
/* End PBXFileReference section */

/* Begin PBXFrameworksBuildPhase section */
		B118A91624B69720001F1735 /* Frameworks */ = {
			isa = PBXFrameworksBuildPhase;
			buildActionMask = 2147483647;
			files = (
				65393D0D8E8F82C544AF1724 /* Pods_Datadog_App.framework in Frameworks */,
			);
			runOnlyForDeploymentPostprocessing = 0;
		};
/* End PBXFrameworksBuildPhase section */

/* Begin PBXGroup section */
		5C08F185008C13B0B716E571 /* Frameworks */ = {
			isa = PBXGroup;
			children = (
				0B7ED3C4CF792F6086F6C32C /* Pods_Datadog_App.framework */,
				B1804CBB24C6A67F00D776E3 /* WidgetKit.framework */,
				B1804CBD24C6A67F00D776E3 /* SwiftUI.framework */,
			);
			name = Frameworks;
			sourceTree = "<group>";
		};
		7BA5A3DC9B7266BC5EE9600D /* Pods */ = {
			isa = PBXGroup;
			children = (
				B64A916CDE8D0C7BCBD8FA69 /* Pods-Datadog-App.debug.xcconfig */,
				9A40647D32D0BAC5FEDCF6F8 /* Pods-Datadog-App.release.xcconfig */,
			);
			path = Pods;
			sourceTree = "<group>";
		};
		B118A91024B69720001F1735 = {
			isa = PBXGroup;
			children = (
				B1804CB424C6A4F400D776E3 /* SwiftUIViews.swift */,
				B118A91B24B69720001F1735 /* Datadog-App */,
				7BA5A3DC9B7266BC5EE9600D /* Pods */,
				5C08F185008C13B0B716E571 /* Frameworks */,
			);
			sourceTree = "<group>";
		};
		B118A91B24B69720001F1735 /* Datadog-App */ = {
			isa = PBXGroup;
			children = (
				B118A91C24B69720001F1735 /* AppDelegate.swift */,
				B118A91E24B69720001F1735 /* SceneDelegate.swift */,
				B118A92024B69720001F1735 /* ViewController.swift */,
				B118A92224B69720001F1735 /* Main.storyboard */,
				B118A92524B69720001F1735 /* Assets.xcassets */,
				B118A92724B69720001F1735 /* LaunchScreen.storyboard */,
				B118A92A24B69720001F1735 /* Info.plist */,
			);
			path = "Datadog-App";
			sourceTree = "<group>";
		};
/* End PBXGroup section */

/* Begin PBXNativeTarget section */
		B118A91824B69720001F1735 /* Datadog-App */ = {
			isa = PBXNativeTarget;
			buildConfigurationList = B118A92D24B69720001F1735 /* Build configuration list for PBXNativeTarget "Datadog-App" */;
			buildPhases = (
				34AA85BE66FF5C83E3D5C09D /* [CP] Check Pods Manifest.lock */,
				B118A91524B69720001F1735 /* Sources */,
				B118A91624B69720001F1735 /* Frameworks */,
				B118A91724B69720001F1735 /* Resources */,
				895B31FA638F991BA8C4861D /* [CP] Embed Pods Frameworks */,
				B1804CCE24C6A68300D776E3 /* Embed App Extensions */,
			);
			buildRules = (
			);
			dependencies = (
			);
			name = "Datadog-App";
			productName = "Datadog-App";
			productReference = B118A91924B69720001F1735 /* Datadog-App.app */;
			productType = "com.apple.product-type.application";
		};
/* End PBXNativeTarget section */

/* Begin PBXProject section */
		B118A91124B69720001F1735 /* Project object */ = {
			isa = PBXProject;
			attributes = {
				LastSwiftUpdateCheck = 1200;
				LastUpgradeCheck = 1150;
				ORGANIZATIONNAME = muhammad.awais;
				TargetAttributes = {
					B118A91824B69720001F1735 = {
						CreatedOnToolsVersion = 11.5;
					};
				};
			};
			buildConfigurationList = B118A91424B69720001F1735 /* Build configuration list for PBXProject "Datadog-App" */;
			compatibilityVersion = "Xcode 9.3";
			developmentRegion = en;
			hasScannedForEncodings = 0;
			knownRegions = (
				en,
				Base,
			);
			mainGroup = B118A91024B69720001F1735;
			productRefGroup = B118A91024B69720001F1735;
			projectDirPath = "";
			projectRoot = "";
			targets = (
				B118A91824B69720001F1735 /* Datadog-App */,
			);
		};
/* End PBXProject section */

/* Begin PBXResourcesBuildPhase section */
		B118A91724B69720001F1735 /* Resources */ = {
			isa = PBXResourcesBuildPhase;
			buildActionMask = 2147483647;
			files = (
				B118A92924B69720001F1735 /* LaunchScreen.storyboard in Resources */,
				B118A92624B69720001F1735 /* Assets.xcassets in Resources */,
				B118A92424B69720001F1735 /* Main.storyboard in Resources */,
			);
			runOnlyForDeploymentPostprocessing = 0;
		};
/* End PBXResourcesBuildPhase section */

/* Begin PBXShellScriptBuildPhase section */
		34AA85BE66FF5C83E3D5C09D /* [CP] Check Pods Manifest.lock */ = {
			isa = PBXShellScriptBuildPhase;
			buildActionMask = 2147483647;
			files = (
			);
			inputFileListPaths = (
			);
			inputPaths = (
				"${PODS_PODFILE_DIR_PATH}/Podfile.lock",
				"${PODS_ROOT}/Manifest.lock",
			);
			name = "[CP] Check Pods Manifest.lock";
			outputFileListPaths = (
			);
			outputPaths = (
				"$(DERIVED_FILE_DIR)/Pods-Datadog-App-checkManifestLockResult.txt",
			);
			runOnlyForDeploymentPostprocessing = 0;
			shellPath = /bin/sh;
			shellScript = "diff \"${PODS_PODFILE_DIR_PATH}/Podfile.lock\" \"${PODS_ROOT}/Manifest.lock\" > /dev/null\nif [ $? != 0 ] ; then\n    # print error to STDERR\n    echo \"error: The sandbox is not in sync with the Podfile.lock. Run 'pod install' or update your CocoaPods installation.\" >&2\n    exit 1\nfi\n# This output is used by Xcode 'outputs' to avoid re-running this script phase.\necho \"SUCCESS\" > \"${SCRIPT_OUTPUT_FILE_0}\"\n";
			showEnvVarsInLog = 0;
		};
		895B31FA638F991BA8C4861D /* [CP] Embed Pods Frameworks */ = {
			isa = PBXShellScriptBuildPhase;
			buildActionMask = 2147483647;
			files = (
			);
			inputFileListPaths = (
				"${PODS_ROOT}/Target Support Files/Pods-Datadog-App/Pods-Datadog-App-frameworks-${CONFIGURATION}-input-files.xcfilelist",
			);
			name = "[CP] Embed Pods Frameworks";
			outputFileListPaths = (
				"${PODS_ROOT}/Target Support Files/Pods-Datadog-App/Pods-Datadog-App-frameworks-${CONFIGURATION}-output-files.xcfilelist",
			);
			runOnlyForDeploymentPostprocessing = 0;
			shellPath = /bin/sh;
			shellScript = "\"${PODS_ROOT}/Target Support Files/Pods-Datadog-App/Pods-Datadog-App-frameworks.sh\"\n";
			showEnvVarsInLog = 0;
		};
/* End PBXShellScriptBuildPhase section */

/* Begin PBXSourcesBuildPhase section */
		B118A91524B69720001F1735 /* Sources */ = {
			isa = PBXSourcesBuildPhase;
			buildActionMask = 2147483647;
			files = (
				B118A92124B69720001F1735 /* ViewController.swift in Sources */,
				B118A91D24B69720001F1735 /* AppDelegate.swift in Sources */,
				B1804CB524C6A4F400D776E3 /* SwiftUIViews.swift in Sources */,
				B118A91F24B69720001F1735 /* SceneDelegate.swift in Sources */,
			);
			runOnlyForDeploymentPostprocessing = 0;
		};
/* End PBXSourcesBuildPhase section */

/* Begin PBXVariantGroup section */
		B118A92224B69720001F1735 /* Main.storyboard */ = {
			isa = PBXVariantGroup;
			children = (
				B118A92324B69720001F1735 /* Base */,
			);
			name = Main.storyboard;
			sourceTree = "<group>";
		};
		B118A92724B69720001F1735 /* LaunchScreen.storyboard */ = {
			isa = PBXVariantGroup;
			children = (
				B118A92824B69720001F1735 /* Base */,
			);
			name = LaunchScreen.storyboard;
			sourceTree = "<group>";
		};
/* End PBXVariantGroup section */

/* Begin XCBuildConfiguration section */
		B118A92B24B69720001F1735 /* Debug */ = {
			isa = XCBuildConfiguration;
			buildSettings = {
				ALWAYS_SEARCH_USER_PATHS = NO;
				CLANG_ANALYZER_NONNULL = YES;
				CLANG_ANALYZER_NUMBER_OBJECT_CONVERSION = YES_AGGRESSIVE;
				CLANG_CXX_LANGUAGE_STANDARD = "gnu++14";
				CLANG_CXX_LIBRARY = "libc++";
				CLANG_ENABLE_MODULES = YES;
				CLANG_ENABLE_OBJC_ARC = YES;
				CLANG_ENABLE_OBJC_WEAK = YES;
				CLANG_WARN_BLOCK_CAPTURE_AUTORELEASING = YES;
				CLANG_WARN_BOOL_CONVERSION = YES;
				CLANG_WARN_COMMA = YES;
				CLANG_WARN_CONSTANT_CONVERSION = YES;
				CLANG_WARN_DEPRECATED_OBJC_IMPLEMENTATIONS = YES;
				CLANG_WARN_DIRECT_OBJC_ISA_USAGE = YES_ERROR;
				CLANG_WARN_DOCUMENTATION_COMMENTS = YES;
				CLANG_WARN_EMPTY_BODY = YES;
				CLANG_WARN_ENUM_CONVERSION = YES;
				CLANG_WARN_INFINITE_RECURSION = YES;
				CLANG_WARN_INT_CONVERSION = YES;
				CLANG_WARN_NON_LITERAL_NULL_CONVERSION = YES;
				CLANG_WARN_OBJC_IMPLICIT_RETAIN_SELF = YES;
				CLANG_WARN_OBJC_LITERAL_CONVERSION = YES;
				CLANG_WARN_OBJC_ROOT_CLASS = YES_ERROR;
				CLANG_WARN_RANGE_LOOP_ANALYSIS = YES;
				CLANG_WARN_STRICT_PROTOTYPES = YES;
				CLANG_WARN_SUSPICIOUS_MOVE = YES;
				CLANG_WARN_UNGUARDED_AVAILABILITY = YES_AGGRESSIVE;
				CLANG_WARN_UNREACHABLE_CODE = YES;
				CLANG_WARN__DUPLICATE_METHOD_MATCH = YES;
				COPY_PHASE_STRIP = NO;
				DEBUG_INFORMATION_FORMAT = dwarf;
				ENABLE_STRICT_OBJC_MSGSEND = YES;
				ENABLE_TESTABILITY = YES;
				GCC_C_LANGUAGE_STANDARD = gnu11;
				GCC_DYNAMIC_NO_PIC = NO;
				GCC_NO_COMMON_BLOCKS = YES;
				GCC_OPTIMIZATION_LEVEL = 0;
				GCC_PREPROCESSOR_DEFINITIONS = (
					"DEBUG=1",
					"$(inherited)",
				);
				GCC_WARN_64_TO_32_BIT_CONVERSION = YES;
				GCC_WARN_ABOUT_RETURN_TYPE = YES_ERROR;
				GCC_WARN_UNDECLARED_SELECTOR = YES;
				GCC_WARN_UNINITIALIZED_AUTOS = YES_AGGRESSIVE;
				GCC_WARN_UNUSED_FUNCTION = YES;
				GCC_WARN_UNUSED_VARIABLE = YES;
				IPHONEOS_DEPLOYMENT_TARGET = 13.5;
				MTL_ENABLE_DEBUG_INFO = INCLUDE_SOURCE;
				MTL_FAST_MATH = YES;
				ONLY_ACTIVE_ARCH = YES;
				SDKROOT = iphoneos;
				SWIFT_ACTIVE_COMPILATION_CONDITIONS = DEBUG;
				SWIFT_OPTIMIZATION_LEVEL = "-Onone";
			};
			name = Debug;
		};
		B118A92C24B69720001F1735 /* Release */ = {
			isa = XCBuildConfiguration;
			buildSettings = {
				ALWAYS_SEARCH_USER_PATHS = NO;
				CLANG_ANALYZER_NONNULL = YES;
				CLANG_ANALYZER_NUMBER_OBJECT_CONVERSION = YES_AGGRESSIVE;
				CLANG_CXX_LANGUAGE_STANDARD = "gnu++14";
				CLANG_CXX_LIBRARY = "libc++";
				CLANG_ENABLE_MODULES = YES;
				CLANG_ENABLE_OBJC_ARC = YES;
				CLANG_ENABLE_OBJC_WEAK = YES;
				CLANG_WARN_BLOCK_CAPTURE_AUTORELEASING = YES;
				CLANG_WARN_BOOL_CONVERSION = YES;
				CLANG_WARN_COMMA = YES;
				CLANG_WARN_CONSTANT_CONVERSION = YES;
				CLANG_WARN_DEPRECATED_OBJC_IMPLEMENTATIONS = YES;
				CLANG_WARN_DIRECT_OBJC_ISA_USAGE = YES_ERROR;
				CLANG_WARN_DOCUMENTATION_COMMENTS = YES;
				CLANG_WARN_EMPTY_BODY = YES;
				CLANG_WARN_ENUM_CONVERSION = YES;
				CLANG_WARN_INFINITE_RECURSION = YES;
				CLANG_WARN_INT_CONVERSION = YES;
				CLANG_WARN_NON_LITERAL_NULL_CONVERSION = YES;
				CLANG_WARN_OBJC_IMPLICIT_RETAIN_SELF = YES;
				CLANG_WARN_OBJC_LITERAL_CONVERSION = YES;
				CLANG_WARN_OBJC_ROOT_CLASS = YES_ERROR;
				CLANG_WARN_RANGE_LOOP_ANALYSIS = YES;
				CLANG_WARN_STRICT_PROTOTYPES = YES;
				CLANG_WARN_SUSPICIOUS_MOVE = YES;
				CLANG_WARN_UNGUARDED_AVAILABILITY = YES_AGGRESSIVE;
				CLANG_WARN_UNREACHABLE_CODE = YES;
				CLANG_WARN__DUPLICATE_METHOD_MATCH = YES;
				COPY_PHASE_STRIP = NO;
				DEBUG_INFORMATION_FORMAT = "dwarf-with-dsym";
				ENABLE_NS_ASSERTIONS = NO;
				ENABLE_STRICT_OBJC_MSGSEND = YES;
				GCC_C_LANGUAGE_STANDARD = gnu11;
				GCC_NO_COMMON_BLOCKS = YES;
				GCC_WARN_64_TO_32_BIT_CONVERSION = YES;
				GCC_WARN_ABOUT_RETURN_TYPE = YES_ERROR;
				GCC_WARN_UNDECLARED_SELECTOR = YES;
				GCC_WARN_UNINITIALIZED_AUTOS = YES_AGGRESSIVE;
				GCC_WARN_UNUSED_FUNCTION = YES;
				GCC_WARN_UNUSED_VARIABLE = YES;
				IPHONEOS_DEPLOYMENT_TARGET = 13.5;
				MTL_ENABLE_DEBUG_INFO = NO;
				MTL_FAST_MATH = YES;
				SDKROOT = iphoneos;
				SWIFT_COMPILATION_MODE = wholemodule;
				SWIFT_OPTIMIZATION_LEVEL = "-O";
				VALIDATE_PRODUCT = YES;
			};
			name = Release;
		};
		B118A92E24B69720001F1735 /* Debug */ = {
			isa = XCBuildConfiguration;
			baseConfigurationReference = B64A916CDE8D0C7BCBD8FA69 /* Pods-Datadog-App.debug.xcconfig */;
			buildSettings = {
				ALWAYS_EMBED_SWIFT_STANDARD_LIBRARIES = YES;
				ASSETCATALOG_COMPILER_APPICON_NAME = AppIcon;
				CODE_SIGN_STYLE = Automatic;
				INFOPLIST_FILE = "Datadog-App/Info.plist";
				LD_RUNPATH_SEARCH_PATHS = (
					"$(inherited)",
					"@executable_path/Frameworks",
				);
				PRODUCT_BUNDLE_IDENTIFIER = "mawais54013dd.Datadog-App";
				PRODUCT_NAME = "$(TARGET_NAME)";
				SWIFT_VERSION = 5.0;
				TARGETED_DEVICE_FAMILY = "1,2";
			};
			name = Debug;
		};
		B118A92F24B69720001F1735 /* Release */ = {
			isa = XCBuildConfiguration;
			baseConfigurationReference = 9A40647D32D0BAC5FEDCF6F8 /* Pods-Datadog-App.release.xcconfig */;
			buildSettings = {
				ALWAYS_EMBED_SWIFT_STANDARD_LIBRARIES = YES;
				ASSETCATALOG_COMPILER_APPICON_NAME = AppIcon;
				CODE_SIGN_STYLE = Automatic;
				INFOPLIST_FILE = "Datadog-App/Info.plist";
				LD_RUNPATH_SEARCH_PATHS = (
					"$(inherited)",
					"@executable_path/Frameworks",
				);
				PRODUCT_BUNDLE_IDENTIFIER = "mawais54013dd.Datadog-App";
				PRODUCT_NAME = "$(TARGET_NAME)";
				SWIFT_VERSION = 5.0;
				TARGETED_DEVICE_FAMILY = "1,2";
			};
			name = Release;
		};
/* End XCBuildConfiguration section */

/* Begin XCConfigurationList section */
		B118A91424B69720001F1735 /* Build configuration list for PBXProject "Datadog-App" */ = {
			isa = XCConfigurationList;
			buildConfigurations = (
				B118A92B24B69720001F1735 /* Debug */,
				B118A92C24B69720001F1735 /* Release */,
			);
			defaultConfigurationIsVisible = 0;
			defaultConfigurationName = Release;
		};
		B118A92D24B69720001F1735 /* Build configuration list for PBXNativeTarget "Datadog-App" */ = {
			isa = XCConfigurationList;
			buildConfigurations = (
				B118A92E24B69720001F1735 /* Debug */,
				B118A92F24B69720001F1735 /* Release */,
			);
			defaultConfigurationIsVisible = 0;
			defaultConfigurationName = Release;
		};
/* End XCConfigurationList section */
	};
	rootObject = B118A91124B69720001F1735 /* Project object */;
}
